
Microsoft Visual Studio Solution File, Format Version 12.00
# Visual Studio Version 16
VisualStudioVersion = 16.0.29920.165
MinimumVisualStudioVersion = 10.0.40219.1
Project("{FAE04EC0-301F-11D3-BF4B-00C04F79EFBC}") = "DataManager", "DataManager\DataManager.csproj", "{40BC9C32-D981-4BFB-BEAF-CF25C2A6CB2B}"
EndProject
Global
	GlobalSection(SolutionConfigurationPlatforms) = preSolution
		Debug|Any CPU = Debug|Any CPU
		Release|Any CPU = Release|Any CPU
	EndGlobalSection
	GlobalSection(ProjectConfigurationPlatforms) = postSolution
		{40BC9C32-D981-4BFB-BEAF-CF25C2A6CB2B}.Debug|Any CPU.ActiveCfg = Debug|Any CPU
		{40BC9C32-D981-4BFB-BEAF-CF25C2A6CB2B}.Debug|Any CPU.Build.0 = Debug|Any CPU
		{40BC9C32-D981-4BFB-BEAF-CF25C2A6CB2B}.Release|Any CPU.ActiveCfg = Release|Any CPU
		{40BC9C32-D981-4BFB-BEAF-CF25C2A6CB2B}.Release|Any CPU.Build.0 = Release|Any CPU
	EndGlobalSection
	GlobalSection(SolutionProperties) = preSolution
		HideSolutionNode = FALSE
	EndGlobalSection
	GlobalSection(ExtensibilityGlobals) = postSolution
		SolutionGuid = {59EFED35-3CA8-46C6-B6A7-E9D4525781FA}
	EndGlobalSection
EndGlobal
