
Microsoft Visual Studio Solution File, Format Version 12.00
# Visual Studio Version 16
VisualStudioVersion = 16.0.29920.165
MinimumVisualStudioVersion = 10.0.40219.1
Project("{FAE04EC0-301F-11D3-BF4B-00C04F79EFBC}") = "DataManager", "DataManager\DataManager.csproj", "{40BC9C32-D981-4BFB-BEAF-CF25C2A6CB2B}"
EndProject
Project("{00D1A9C2-B5F0-4AF3-8072-F6C62B433612}") = "DataBaseManager", "DataBaseManager\DataBaseManager.sqlproj", "{C4FE90CF-F111-4D02-8241-C52025FCB024}"
EndProject
Project("{FAE04EC0-301F-11D3-BF4B-00C04F79EFBC}") = "TRMWPFUserInterface", "TRMWPFUserInterface\TRMWPFUserInterface.csproj", "{21E5D39B-6116-453F-A63D-D90EEA5747F7}"
EndProject
Project("{FAE04EC0-301F-11D3-BF4B-00C04F79EFBC}") = "DataMamagerClassLibrary", "DataMamagerClassLibrary\DataMamagerClassLibrary.csproj", "{1164D1AA-8755-4879-9920-901B83A6FBB2}"
EndProject
Project("{FAE04EC0-301F-11D3-BF4B-00C04F79EFBC}") = "DesktopUILibrary", "DesktopUILibrary\DesktopUILibrary.csproj", "{838388C2-978D-49C6-8854-073BAD4D707D}"
EndProject
Global
	GlobalSection(SolutionConfigurationPlatforms) = preSolution
		Debug|Any CPU = Debug|Any CPU
		Release|Any CPU = Release|Any CPU
	EndGlobalSection
	GlobalSection(ProjectConfigurationPlatforms) = postSolution
		{40BC9C32-D981-4BFB-BEAF-CF25C2A6CB2B}.Debug|Any CPU.ActiveCfg = Debug|Any CPU
		{40BC9C32-D981-4BFB-BEAF-CF25C2A6CB2B}.Debug|Any CPU.Build.0 = Debug|Any CPU
		{40BC9C32-D981-4BFB-BEAF-CF25C2A6CB2B}.Release|Any CPU.ActiveCfg = Release|Any CPU
		{40BC9C32-D981-4BFB-BEAF-CF25C2A6CB2B}.Release|Any CPU.Build.0 = Release|Any CPU
		{C4FE90CF-F111-4D02-8241-C52025FCB024}.Debug|Any CPU.ActiveCfg = Debug|Any CPU
		{C4FE90CF-F111-4D02-8241-C52025FCB024}.Debug|Any CPU.Build.0 = Debug|Any CPU
		{C4FE90CF-F111-4D02-8241-C52025FCB024}.Debug|Any CPU.Deploy.0 = Debug|Any CPU
		{C4FE90CF-F111-4D02-8241-C52025FCB024}.Release|Any CPU.ActiveCfg = Release|Any CPU
		{C4FE90CF-F111-4D02-8241-C52025FCB024}.Release|Any CPU.Build.0 = Release|Any CPU
		{C4FE90CF-F111-4D02-8241-C52025FCB024}.Release|Any CPU.Deploy.0 = Release|Any CPU
		{21E5D39B-6116-453F-A63D-D90EEA5747F7}.Debug|Any CPU.ActiveCfg = Debug|Any CPU
		{21E5D39B-6116-453F-A63D-D90EEA5747F7}.Debug|Any CPU.Build.0 = Debug|Any CPU
		{21E5D39B-6116-453F-A63D-D90EEA5747F7}.Release|Any CPU.ActiveCfg = Release|Any CPU
		{21E5D39B-6116-453F-A63D-D90EEA5747F7}.Release|Any CPU.Build.0 = Release|Any CPU
		{1164D1AA-8755-4879-9920-901B83A6FBB2}.Debug|Any CPU.ActiveCfg = Debug|Any CPU
		{1164D1AA-8755-4879-9920-901B83A6FBB2}.Debug|Any CPU.Build.0 = Debug|Any CPU
		{1164D1AA-8755-4879-9920-901B83A6FBB2}.Release|Any CPU.ActiveCfg = Release|Any CPU
		{1164D1AA-8755-4879-9920-901B83A6FBB2}.Release|Any CPU.Build.0 = Release|Any CPU
		{838388C2-978D-49C6-8854-073BAD4D707D}.Debug|Any CPU.ActiveCfg = Debug|Any CPU
		{838388C2-978D-49C6-8854-073BAD4D707D}.Debug|Any CPU.Build.0 = Debug|Any CPU
		{838388C2-978D-49C6-8854-073BAD4D707D}.Release|Any CPU.ActiveCfg = Release|Any CPU
		{838388C2-978D-49C6-8854-073BAD4D707D}.Release|Any CPU.Build.0 = Release|Any CPU
	EndGlobalSection
	GlobalSection(SolutionProperties) = preSolution
		HideSolutionNode = FALSE
	EndGlobalSection
	GlobalSection(ExtensibilityGlobals) = postSolution
		SolutionGuid = {59EFED35-3CA8-46C6-B6A7-E9D4525781FA}
	EndGlobalSection
EndGlobal
